
Microsoft Visual Studio Solution File, Format Version 12.00
# Visual Studio Version 16
VisualStudioVersion = 16.0.31613.86
MinimumVisualStudioVersion = 10.0.40219.1
Project("{9A19103F-16F7-4668-BE54-9A1E7A4F7556}") = "ConsoleApp1", "ConsoleApp1\ConsoleApp1.csproj", "{2ECF55F0-9306-4BDA-9DEB-8C81BD66B4C9}"
EndProject
Project("{2150E333-8FDC-42A3-9474-1A3956D46DE8}") = "Solution Items", "Solution Items", "{B24365B9-272A-445E-84BD-70B298A7394B}"
EndProject
Project("{FAE04EC0-301F-11D3-BF4B-00C04F79EFBC}") = "TestBookLibrary", "TestBookLibrary\TestBookLibrary.csproj", "{B1FA2279-7E9A-4263-AD0A-B8DDAEE5CD8A}"
EndProject
Global
	GlobalSection(SolutionConfigurationPlatforms) = preSolution
		Debug|Any CPU = Debug|Any CPU
		Release|Any CPU = Release|Any CPU
	EndGlobalSection
	GlobalSection(ProjectConfigurationPlatforms) = postSolution
		{2ECF55F0-9306-4BDA-9DEB-8C81BD66B4C9}.Debug|Any CPU.ActiveCfg = Debug|Any CPU
		{2ECF55F0-9306-4BDA-9DEB-8C81BD66B4C9}.Debug|Any CPU.Build.0 = Debug|Any CPU
		{2ECF55F0-9306-4BDA-9DEB-8C81BD66B4C9}.Release|Any CPU.ActiveCfg = Release|Any CPU
		{2ECF55F0-9306-4BDA-9DEB-8C81BD66B4C9}.Release|Any CPU.Build.0 = Release|Any CPU
		{B1FA2279-7E9A-4263-AD0A-B8DDAEE5CD8A}.Debug|Any CPU.ActiveCfg = Debug|Any CPU
		{B1FA2279-7E9A-4263-AD0A-B8DDAEE5CD8A}.Debug|Any CPU.Build.0 = Debug|Any CPU
		{B1FA2279-7E9A-4263-AD0A-B8DDAEE5CD8A}.Release|Any CPU.ActiveCfg = Release|Any CPU
		{B1FA2279-7E9A-4263-AD0A-B8DDAEE5CD8A}.Release|Any CPU.Build.0 = Release|Any CPU
	EndGlobalSection
	GlobalSection(SolutionProperties) = preSolution
		HideSolutionNode = FALSE
	EndGlobalSection
	GlobalSection(ExtensibilityGlobals) = postSolution
		SolutionGuid = {627D4D7E-C45A-4198-9CD0-BD7DB3A90B0A}
	EndGlobalSection
EndGlobal
